<?xml version="1.0" encoding="utf-8"?>
<Project ToolsVersion="4.0" xmlns="http://schemas.microsoft.com/developer/msbuild/2003">
  <ItemGroup>
    <ClInclude Include="GameEngineWindow.h" />
    <ClInclude Include="GameEngineWindowTexture.h" />
    <ClInclude Include="GameEngineInput.h" />
    <ClInclude Include="GameEngineSound.h" />
  </ItemGroup>
  <ItemGroup>
    <ClCompile Include="GameEngineWindow.cpp" />
    <ClCompile Include="GameEngineWindowTexture.cpp" />
    <ClCompile Include="GameEngineInput.cpp" />
    <ClCompile Include="GameEngineSound.cpp" />
  </ItemGroup>
  <ItemGroup>
    <Filter Include="FMOD">
      <UniqueIdentifier>{08b90459-36e3-4d0d-b4c5-d253bd23c9ba}</UniqueIdentifier>
    </Filter>
    <Filter Include="FMOD\Debug">
      <UniqueIdentifier>{98ce5ffa-eda8-4fb3-aff9-20ec5e1f7ec1}</UniqueIdentifier>
    </Filter>
    <Filter Include="FMOD\Release">
      <UniqueIdentifier>{4a97613e-1a63-4108-bfdd-cdb69f1d89c2}</UniqueIdentifier>
    </Filter>
  </ItemGroup>
  <ItemGroup>
    <Library Include="ThirdParty\FMOD\lib\x64\fmodL_vc.lib">
      <Filter>FMOD\Debug</Filter>
    </Library>
    <Library Include="ThirdParty\FMOD\lib\x64\fmod_vc.lib">
      <Filter>FMOD\Release</Filter>
    </Library>
  </ItemGroup>
  <ItemGroup>
    <CopyFileToFolders Include="..\Bin\x64\Debug\fmodL.dll">
      <Filter>FMOD\Debug</Filter>
    </CopyFileToFolders>
    <CopyFileToFolders Include="ThirdParty\FMOD\lib\x64\fmod.dll">
      <Filter>FMOD\Release</Filter>
    </CopyFileToFolders>
  </ItemGroup>
</Project>