<?xml version="1.0" encoding="utf-8"?>
<Project ToolsVersion="4.0" xmlns="http://schemas.microsoft.com/developer/msbuild/2003">
  <ItemGroup>
    <ClInclude Include="TitleLevel.h">
      <Filter>Level</Filter>
    </ClInclude>
    <ClInclude Include="FirstLevel.h">
      <Filter>Level</Filter>
    </ClInclude>
    <ClInclude Include="EndingLevel.h">
      <Filter>Level</Filter>
    </ClInclude>
    <ClInclude Include="ContentsCore.h" />
    <ClInclude Include="BackGround.h">
      <Filter>Global</Filter>
    </ClInclude>
    <ClInclude Include="Player.h">
      <Filter>Global</Filter>
    </ClInclude>
    <ClInclude Include="ContentsEnum.h">
      <Filter>Global</Filter>
    </ClInclude>
    <ClInclude Include="Bullet.h">
      <Filter>Global</Filter>
    </ClInclude>
    <ClInclude Include="ActorEnum.h" />
    <ClInclude Include="Monster.h">
      <Filter>Global</Filter>
    </ClInclude>
    <ClInclude Include="PlayActor.h" />
    <ClInclude Include="PlayUIManager.h" />
  </ItemGroup>
  <ItemGroup>
    <ClCompile Include="TitleLevel.cpp">
      <Filter>Level</Filter>
    </ClCompile>
    <ClCompile Include="FirstLevel.cpp">
      <Filter>Level</Filter>
    </ClCompile>
    <ClCompile Include="EndingLevel.cpp">
      <Filter>Level</Filter>
    </ClCompile>
    <ClCompile Include="ContentsCore.cpp" />
    <ClCompile Include="BackGround.cpp">
      <Filter>Global</Filter>
    </ClCompile>
    <ClCompile Include="Player.cpp">
      <Filter>Global</Filter>
    </ClCompile>
    <ClCompile Include="Bullet.cpp">
      <Filter>Global</Filter>
    </ClCompile>
    <ClCompile Include="Player_State.cpp">
      <Filter>Global</Filter>
    </ClCompile>
    <ClCompile Include="Monster.cpp">
      <Filter>Global</Filter>
    </ClCompile>
    <ClCompile Include="PlayActor.cpp" />
    <ClCompile Include="PlayUIManager.cpp" />
  </ItemGroup>
  <ItemGroup>
    <Filter Include="Level">
      <UniqueIdentifier>{61ff5b8f-f341-4523-ac9b-eb65d5e3328e}</UniqueIdentifier>
    </Filter>
    <Filter Include="Global">
      <UniqueIdentifier>{34c03a79-2e68-457c-916d-c8e849cbd263}</UniqueIdentifier>
    </Filter>
  </ItemGroup>
</Project>